
Microsoft Visual Studio Solution File, Format Version 12.00
# Visual Studio Version 17
VisualStudioVersion = 17.2.32519.379
MinimumVisualStudioVersion = 10.0.40219.1
Project("{FAE04EC0-301F-11D3-BF4B-00C04F79EFBC}") = "AdventOfCode", "AdventOfCode.csproj", "{FADB9825-9108-4782-8B41-FF59C5710073}"
EndProject
Global
	GlobalSection(SolutionConfigurationPlatforms) = preSolution
		Debug|Any CPU = Debug|Any CPU
		Release|Any CPU = Release|Any CPU
	EndGlobalSection
	GlobalSection(ProjectConfigurationPlatforms) = postSolution
		{FADB9825-9108-4782-8B41-FF59C5710073}.Debug|Any CPU.ActiveCfg = Debug|Any CPU
		{FADB9825-9108-4782-8B41-FF59C5710073}.Debug|Any CPU.Build.0 = Debug|Any CPU
		{FADB9825-9108-4782-8B41-FF59C5710073}.Release|Any CPU.ActiveCfg = Release|Any CPU
		{FADB9825-9108-4782-8B41-FF59C5710073}.Release|Any CPU.Build.0 = Release|Any CPU
	EndGlobalSection
	GlobalSection(SolutionProperties) = preSolution
		HideSolutionNode = FALSE
	EndGlobalSection
	GlobalSection(ExtensibilityGlobals) = postSolution
		SolutionGuid = {CC584527-EAC7-42C3-B49C-09D4EEE19EAD}
	EndGlobalSection
EndGlobal
